// !$*UTF8*$!
{
	archiveVersion = 1;
	classes = {
	};
	objectVersion = 56;
	objects = {

/* Begin PBXBuildFile section */
		AD56217A2A085AEF0094BF69 /* EagleOwlApp.swift in Sources */ = {isa = PBXBuildFile; fileRef = AD5621792A085AEF0094BF69 /* EagleOwlApp.swift */; };
		AD56217C2A085AEF0094BF69 /* ContentView.swift in Sources */ = {isa = PBXBuildFile; fileRef = AD56217B2A085AEF0094BF69 /* ContentView.swift */; };
		AD56217E2A085AF00094BF69 /* Assets.xcassets in Resources */ = {isa = PBXBuildFile; fileRef = AD56217D2A085AF00094BF69 /* Assets.xcassets */; };
		AD5621812A085AF00094BF69 /* Preview Assets.xcassets in Resources */ = {isa = PBXBuildFile; fileRef = AD5621802A085AF00094BF69 /* Preview Assets.xcassets */; };
		AD5621882A08B6560094BF69 /* OwlView.swift in Sources */ = {isa = PBXBuildFile; fileRef = AD5621872A08B6560094BF69 /* OwlView.swift */; };
		AD56218A2A08C99E0094BF69 /* BeakView.swift in Sources */ = {isa = PBXBuildFile; fileRef = AD5621892A08C99E0094BF69 /* BeakView.swift */; };
		AD56218C2A08CB290094BF69 /* EyesView.swift in Sources */ = {isa = PBXBuildFile; fileRef = AD56218B2A08CB290094BF69 /* EyesView.swift */; };
		AD56218E2A08D6F90094BF69 /* MonocleView.swift in Sources */ = {isa = PBXBuildFile; fileRef = AD56218D2A08D6F90094BF69 /* MonocleView.swift */; };
		AD5621902A08DCA30094BF69 /* EarsView.swift in Sources */ = {isa = PBXBuildFile; fileRef = AD56218F2A08DCA30094BF69 /* EarsView.swift */; };
		AD5621922A08DD210094BF69 /* ForeheadView.swift in Sources */ = {isa = PBXBuildFile; fileRef = AD5621912A08DD210094BF69 /* ForeheadView.swift */; };
		AD5621942A08DD8B0094BF69 /* HeadView.swift in Sources */ = {isa = PBXBuildFile; fileRef = AD5621932A08DD8B0094BF69 /* HeadView.swift */; };
		AD5621962A08E1750094BF69 /* BodyView.swift in Sources */ = {isa = PBXBuildFile; fileRef = AD5621952A08E1750094BF69 /* BodyView.swift */; };
		AD5621982A08E2BE0094BF69 /* TailView.swift in Sources */ = {isa = PBXBuildFile; fileRef = AD5621972A08E2BE0094BF69 /* TailView.swift */; };
		AD56219A2A08E33D0094BF69 /* WingsView.swift in Sources */ = {isa = PBXBuildFile; fileRef = AD5621992A08E33D0094BF69 /* WingsView.swift */; };
		AD5621A02A08F7640094BF69 /* EnvironmentView.swift in Sources */ = {isa = PBXBuildFile; fileRef = AD56219F2A08F7640094BF69 /* EnvironmentView.swift */; };
/* End PBXBuildFile section */

/* Begin PBXFileReference section */
		AD5621762A085AEF0094BF69 /* EagleOwl.app */ = {isa = PBXFileReference; explicitFileType = wrapper.application; includeInIndex = 0; path = EagleOwl.app; sourceTree = BUILT_PRODUCTS_DIR; };
		AD5621792A085AEF0094BF69 /* EagleOwlApp.swift */ = {isa = PBXFileReference; lastKnownFileType = sourcecode.swift; path = EagleOwlApp.swift; sourceTree = "<group>"; };
		AD56217B2A085AEF0094BF69 /* ContentView.swift */ = {isa = PBXFileReference; lastKnownFileType = sourcecode.swift; path = ContentView.swift; sourceTree = "<group>"; };
		AD56217D2A085AF00094BF69 /* Assets.xcassets */ = {isa = PBXFileReference; lastKnownFileType = folder.assetcatalog; path = Assets.xcassets; sourceTree = "<group>"; };
		AD5621802A085AF00094BF69 /* Preview Assets.xcassets */ = {isa = PBXFileReference; lastKnownFileType = folder.assetcatalog; path = "Preview Assets.xcassets"; sourceTree = "<group>"; };
		AD5621872A08B6560094BF69 /* OwlView.swift */ = {isa = PBXFileReference; lastKnownFileType = sourcecode.swift; path = OwlView.swift; sourceTree = "<group>"; };
		AD5621892A08C99E0094BF69 /* BeakView.swift */ = {isa = PBXFileReference; lastKnownFileType = sourcecode.swift; path = BeakView.swift; sourceTree = "<group>"; };
		AD56218B2A08CB290094BF69 /* EyesView.swift */ = {isa = PBXFileReference; lastKnownFileType = sourcecode.swift; path = EyesView.swift; sourceTree = "<group>"; };
		AD56218D2A08D6F90094BF69 /* MonocleView.swift */ = {isa = PBXFileReference; lastKnownFileType = sourcecode.swift; path = MonocleView.swift; sourceTree = "<group>"; };
		AD56218F2A08DCA30094BF69 /* EarsView.swift */ = {isa = PBXFileReference; lastKnownFileType = sourcecode.swift; path = EarsView.swift; sourceTree = "<group>"; };
		AD5621912A08DD210094BF69 /* ForeheadView.swift */ = {isa = PBXFileReference; lastKnownFileType = sourcecode.swift; path = ForeheadView.swift; sourceTree = "<group>"; };
		AD5621932A08DD8B0094BF69 /* HeadView.swift */ = {isa = PBXFileReference; lastKnownFileType = sourcecode.swift; path = HeadView.swift; sourceTree = "<group>"; };
		AD5621952A08E1750094BF69 /* BodyView.swift */ = {isa = PBXFileReference; lastKnownFileType = sourcecode.swift; path = BodyView.swift; sourceTree = "<group>"; };
		AD5621972A08E2BE0094BF69 /* TailView.swift */ = {isa = PBXFileReference; lastKnownFileType = sourcecode.swift; path = TailView.swift; sourceTree = "<group>"; };
		AD5621992A08E33D0094BF69 /* WingsView.swift */ = {isa = PBXFileReference; lastKnownFileType = sourcecode.swift; path = WingsView.swift; sourceTree = "<group>"; };
		AD56219F2A08F7640094BF69 /* EnvironmentView.swift */ = {isa = PBXFileReference; lastKnownFileType = sourcecode.swift; path = EnvironmentView.swift; sourceTree = "<group>"; };
/* End PBXFileReference section */

/* Begin PBXFrameworksBuildPhase section */
		AD5621732A085AEF0094BF69 /* Frameworks */ = {
			isa = PBXFrameworksBuildPhase;
			buildActionMask = 2147483647;
			files = (
			);
			runOnlyForDeploymentPostprocessing = 0;
		};
/* End PBXFrameworksBuildPhase section */

/* Begin PBXGroup section */
		AD56216D2A085AEF0094BF69 = {
			isa = PBXGroup;
			children = (
				AD5621782A085AEF0094BF69 /* EagleOwl */,
				AD5621772A085AEF0094BF69 /* Products */,
			);
			sourceTree = "<group>";
		};
		AD5621772A085AEF0094BF69 /* Products */ = {
			isa = PBXGroup;
			children = (
				AD5621762A085AEF0094BF69 /* EagleOwl.app */,
			);
			name = Products;
			sourceTree = "<group>";
		};
		AD5621782A085AEF0094BF69 /* EagleOwl */ = {
			isa = PBXGroup;
			children = (
				AD5621792A085AEF0094BF69 /* EagleOwlApp.swift */,
				AD56217B2A085AEF0094BF69 /* ContentView.swift */,
				AD5621872A08B6560094BF69 /* OwlView.swift */,
				AD56219E2A08F74E0094BF69 /* Environment */,
				AD56219D2A08E7D50094BF69 /* WingsOfOwl */,
				AD56219B2A08E4DF0094BF69 /* BodyOfOwl */,
				AD56219C2A08E50D0094BF69 /* HeadOfOwl */,
				AD56217D2A085AF00094BF69 /* Assets.xcassets */,
				AD56217F2A085AF00094BF69 /* Preview Content */,
			);
			path = EagleOwl;
			sourceTree = "<group>";
		};
		AD56217F2A085AF00094BF69 /* Preview Content */ = {
			isa = PBXGroup;
			children = (
				AD5621802A085AF00094BF69 /* Preview Assets.xcassets */,
			);
			path = "Preview Content";
			sourceTree = "<group>";
		};
		AD56219B2A08E4DF0094BF69 /* BodyOfOwl */ = {
			isa = PBXGroup;
			children = (
				AD5621952A08E1750094BF69 /* BodyView.swift */,
				AD5621972A08E2BE0094BF69 /* TailView.swift */,
			);
			path = BodyOfOwl;
			sourceTree = "<group>";
		};
		AD56219C2A08E50D0094BF69 /* HeadOfOwl */ = {
			isa = PBXGroup;
			children = (
				AD5621932A08DD8B0094BF69 /* HeadView.swift */,
				AD56218B2A08CB290094BF69 /* EyesView.swift */,
				AD5621912A08DD210094BF69 /* ForeheadView.swift */,
				AD56218F2A08DCA30094BF69 /* EarsView.swift */,
				AD56218D2A08D6F90094BF69 /* MonocleView.swift */,
				AD5621892A08C99E0094BF69 /* BeakView.swift */,
			);
			path = HeadOfOwl;
			sourceTree = "<group>";
		};
		AD56219D2A08E7D50094BF69 /* WingsOfOwl */ = {
			isa = PBXGroup;
			children = (
				AD5621992A08E33D0094BF69 /* WingsView.swift */,
			);
			path = WingsOfOwl;
			sourceTree = "<group>";
		};
		AD56219E2A08F74E0094BF69 /* Environment */ = {
			isa = PBXGroup;
			children = (
				AD56219F2A08F7640094BF69 /* EnvironmentView.swift */,
			);
			path = Environment;
			sourceTree = "<group>";
		};
/* End PBXGroup section */

/* Begin PBXNativeTarget section */
		AD5621752A085AEF0094BF69 /* EagleOwl */ = {
			isa = PBXNativeTarget;
			buildConfigurationList = AD5621842A085AF00094BF69 /* Build configuration list for PBXNativeTarget "EagleOwl" */;
			buildPhases = (
				AD5621722A085AEF0094BF69 /* Sources */,
				AD5621732A085AEF0094BF69 /* Frameworks */,
				AD5621742A085AEF0094BF69 /* Resources */,
			);
			buildRules = (
			);
			dependencies = (
			);
			name = EagleOwl;
			productName = EagleOwl;
			productReference = AD5621762A085AEF0094BF69 /* EagleOwl.app */;
			productType = "com.apple.product-type.application";
		};
/* End PBXNativeTarget section */

/* Begin PBXProject section */
		AD56216E2A085AEF0094BF69 /* Project object */ = {
			isa = PBXProject;
			attributes = {
				BuildIndependentTargetsInParallel = 1;
				LastSwiftUpdateCheck = 1430;
				LastUpgradeCheck = 1430;
				TargetAttributes = {
					AD5621752A085AEF0094BF69 = {
						CreatedOnToolsVersion = 14.3;
					};
				};
			};
			buildConfigurationList = AD5621712A085AEF0094BF69 /* Build configuration list for PBXProject "EagleOwl" */;
			compatibilityVersion = "Xcode 14.0";
			developmentRegion = en;
			hasScannedForEncodings = 0;
			knownRegions = (
				en,
				Base,
			);
			mainGroup = AD56216D2A085AEF0094BF69;
			productRefGroup = AD5621772A085AEF0094BF69 /* Products */;
			projectDirPath = "";
			projectRoot = "";
			targets = (
				AD5621752A085AEF0094BF69 /* EagleOwl */,
			);
		};
/* End PBXProject section */

/* Begin PBXResourcesBuildPhase section */
		AD5621742A085AEF0094BF69 /* Resources */ = {
			isa = PBXResourcesBuildPhase;
			buildActionMask = 2147483647;
			files = (
				AD5621812A085AF00094BF69 /* Preview Assets.xcassets in Resources */,
				AD56217E2A085AF00094BF69 /* Assets.xcassets in Resources */,
			);
			runOnlyForDeploymentPostprocessing = 0;
		};
/* End PBXResourcesBuildPhase section */

/* Begin PBXSourcesBuildPhase section */
		AD5621722A085AEF0094BF69 /* Sources */ = {
			isa = PBXSourcesBuildPhase;
			buildActionMask = 2147483647;
			files = (
				AD56218E2A08D6F90094BF69 /* MonocleView.swift in Sources */,
				AD56219A2A08E33D0094BF69 /* WingsView.swift in Sources */,
				AD5621942A08DD8B0094BF69 /* HeadView.swift in Sources */,
				AD5621962A08E1750094BF69 /* BodyView.swift in Sources */,
				AD5621A02A08F7640094BF69 /* EnvironmentView.swift in Sources */,
				AD56217C2A085AEF0094BF69 /* ContentView.swift in Sources */,
				AD5621982A08E2BE0094BF69 /* TailView.swift in Sources */,
				AD5621902A08DCA30094BF69 /* EarsView.swift in Sources */,
				AD56217A2A085AEF0094BF69 /* EagleOwlApp.swift in Sources */,
				AD5621882A08B6560094BF69 /* OwlView.swift in Sources */,
				AD56218A2A08C99E0094BF69 /* BeakView.swift in Sources */,
				AD5621922A08DD210094BF69 /* ForeheadView.swift in Sources */,
				AD56218C2A08CB290094BF69 /* EyesView.swift in Sources */,
			);
			runOnlyForDeploymentPostprocessing = 0;
		};
/* End PBXSourcesBuildPhase section */

/* Begin XCBuildConfiguration section */
		AD5621822A085AF00094BF69 /* Debug */ = {
			isa = XCBuildConfiguration;
			buildSettings = {
				ALWAYS_SEARCH_USER_PATHS = NO;
				CLANG_ANALYZER_NONNULL = YES;
				CLANG_ANALYZER_NUMBER_OBJECT_CONVERSION = YES_AGGRESSIVE;
				CLANG_CXX_LANGUAGE_STANDARD = "gnu++20";
				CLANG_ENABLE_MODULES = YES;
				CLANG_ENABLE_OBJC_ARC = YES;
				CLANG_ENABLE_OBJC_WEAK = YES;
				CLANG_WARN_BLOCK_CAPTURE_AUTORELEASING = YES;
				CLANG_WARN_BOOL_CONVERSION = YES;
				CLANG_WARN_COMMA = YES;
				CLANG_WARN_CONSTANT_CONVERSION = YES;
				CLANG_WARN_DEPRECATED_OBJC_IMPLEMENTATIONS = YES;
				CLANG_WARN_DIRECT_OBJC_ISA_USAGE = YES_ERROR;
				CLANG_WARN_DOCUMENTATION_COMMENTS = YES;
				CLANG_WARN_EMPTY_BODY = YES;
				CLANG_WARN_ENUM_CONVERSION = YES;
				CLANG_WARN_INFINITE_RECURSION = YES;
				CLANG_WARN_INT_CONVERSION = YES;
				CLANG_WARN_NON_LITERAL_NULL_CONVERSION = YES;
				CLANG_WARN_OBJC_IMPLICIT_RETAIN_SELF = YES;
				CLANG_WARN_OBJC_LITERAL_CONVERSION = YES;
				CLANG_WARN_OBJC_ROOT_CLASS = YES_ERROR;
				CLANG_WARN_QUOTED_INCLUDE_IN_FRAMEWORK_HEADER = YES;
				CLANG_WARN_RANGE_LOOP_ANALYSIS = YES;
				CLANG_WARN_STRICT_PROTOTYPES = YES;
				CLANG_WARN_SUSPICIOUS_MOVE = YES;
				CLANG_WARN_UNGUARDED_AVAILABILITY = YES_AGGRESSIVE;
				CLANG_WARN_UNREACHABLE_CODE = YES;
				CLANG_WARN__DUPLICATE_METHOD_MATCH = YES;
				COPY_PHASE_STRIP = NO;
				DEBUG_INFORMATION_FORMAT = dwarf;
				ENABLE_STRICT_OBJC_MSGSEND = YES;
				ENABLE_TESTABILITY = YES;
				GCC_C_LANGUAGE_STANDARD = gnu11;
				GCC_DYNAMIC_NO_PIC = NO;
				GCC_NO_COMMON_BLOCKS = YES;
				GCC_OPTIMIZATION_LEVEL = 0;
				GCC_PREPROCESSOR_DEFINITIONS = (
					"DEBUG=1",
					"$(inherited)",
				);
				GCC_WARN_64_TO_32_BIT_CONVERSION = YES;
				GCC_WARN_ABOUT_RETURN_TYPE = YES_ERROR;
				GCC_WARN_UNDECLARED_SELECTOR = YES;
				GCC_WARN_UNINITIALIZED_AUTOS = YES_AGGRESSIVE;
				GCC_WARN_UNUSED_FUNCTION = YES;
				GCC_WARN_UNUSED_VARIABLE = YES;
				IPHONEOS_DEPLOYMENT_TARGET = 16.4;
				MTL_ENABLE_DEBUG_INFO = INCLUDE_SOURCE;
				MTL_FAST_MATH = YES;
				ONLY_ACTIVE_ARCH = YES;
				SDKROOT = iphoneos;
				SWIFT_ACTIVE_COMPILATION_CONDITIONS = DEBUG;
				SWIFT_OPTIMIZATION_LEVEL = "-Onone";
			};
			name = Debug;
		};
		AD5621832A085AF00094BF69 /* Release */ = {
			isa = XCBuildConfiguration;
			buildSettings = {
				ALWAYS_SEARCH_USER_PATHS = NO;
				CLANG_ANALYZER_NONNULL = YES;
				CLANG_ANALYZER_NUMBER_OBJECT_CONVERSION = YES_AGGRESSIVE;
				CLANG_CXX_LANGUAGE_STANDARD = "gnu++20";
				CLANG_ENABLE_MODULES = YES;
				CLANG_ENABLE_OBJC_ARC = YES;
				CLANG_ENABLE_OBJC_WEAK = YES;
				CLANG_WARN_BLOCK_CAPTURE_AUTORELEASING = YES;
				CLANG_WARN_BOOL_CONVERSION = YES;
				CLANG_WARN_COMMA = YES;
				CLANG_WARN_CONSTANT_CONVERSION = YES;
				CLANG_WARN_DEPRECATED_OBJC_IMPLEMENTATIONS = YES;
				CLANG_WARN_DIRECT_OBJC_ISA_USAGE = YES_ERROR;
				CLANG_WARN_DOCUMENTATION_COMMENTS = YES;
				CLANG_WARN_EMPTY_BODY = YES;
				CLANG_WARN_ENUM_CONVERSION = YES;
				CLANG_WARN_INFINITE_RECURSION = YES;
				CLANG_WARN_INT_CONVERSION = YES;
				CLANG_WARN_NON_LITERAL_NULL_CONVERSION = YES;
				CLANG_WARN_OBJC_IMPLICIT_RETAIN_SELF = YES;
				CLANG_WARN_OBJC_LITERAL_CONVERSION = YES;
				CLANG_WARN_OBJC_ROOT_CLASS = YES_ERROR;
				CLANG_WARN_QUOTED_INCLUDE_IN_FRAMEWORK_HEADER = YES;
				CLANG_WARN_RANGE_LOOP_ANALYSIS = YES;
				CLANG_WARN_STRICT_PROTOTYPES = YES;
				CLANG_WARN_SUSPICIOUS_MOVE = YES;
				CLANG_WARN_UNGUARDED_AVAILABILITY = YES_AGGRESSIVE;
				CLANG_WARN_UNREACHABLE_CODE = YES;
				CLANG_WARN__DUPLICATE_METHOD_MATCH = YES;
				COPY_PHASE_STRIP = NO;
				DEBUG_INFORMATION_FORMAT = "dwarf-with-dsym";
				ENABLE_NS_ASSERTIONS = NO;
				ENABLE_STRICT_OBJC_MSGSEND = YES;
				GCC_C_LANGUAGE_STANDARD = gnu11;
				GCC_NO_COMMON_BLOCKS = YES;
				GCC_WARN_64_TO_32_BIT_CONVERSION = YES;
				GCC_WARN_ABOUT_RETURN_TYPE = YES_ERROR;
				GCC_WARN_UNDECLARED_SELECTOR = YES;
				GCC_WARN_UNINITIALIZED_AUTOS = YES_AGGRESSIVE;
				GCC_WARN_UNUSED_FUNCTION = YES;
				GCC_WARN_UNUSED_VARIABLE = YES;
				IPHONEOS_DEPLOYMENT_TARGET = 16.4;
				MTL_ENABLE_DEBUG_INFO = NO;
				MTL_FAST_MATH = YES;
				SDKROOT = iphoneos;
				SWIFT_COMPILATION_MODE = wholemodule;
				SWIFT_OPTIMIZATION_LEVEL = "-O";
				VALIDATE_PRODUCT = YES;
			};
			name = Release;
		};
		AD5621852A085AF00094BF69 /* Debug */ = {
			isa = XCBuildConfiguration;
			buildSettings = {
				ASSETCATALOG_COMPILER_APPICON_NAME = AppIcon;
				ASSETCATALOG_COMPILER_GLOBAL_ACCENT_COLOR_NAME = AccentColor;
				CODE_SIGN_STYLE = Automatic;
				CURRENT_PROJECT_VERSION = 1;
				DEVELOPMENT_ASSET_PATHS = "\"EagleOwl/Preview Content\"";
				DEVELOPMENT_TEAM = 67U424DH3Z;
				ENABLE_PREVIEWS = YES;
				GENERATE_INFOPLIST_FILE = YES;
				INFOPLIST_KEY_UIApplicationSceneManifest_Generation = YES;
				INFOPLIST_KEY_UIApplicationSupportsIndirectInputEvents = YES;
				INFOPLIST_KEY_UILaunchScreen_Generation = YES;
				INFOPLIST_KEY_UISupportedInterfaceOrientations_iPad = "UIInterfaceOrientationPortrait UIInterfaceOrientationPortraitUpsideDown UIInterfaceOrientationLandscapeLeft UIInterfaceOrientationLandscapeRight";
				INFOPLIST_KEY_UISupportedInterfaceOrientations_iPhone = "UIInterfaceOrientationPortrait UIInterfaceOrientationLandscapeLeft UIInterfaceOrientationLandscapeRight";
				LD_RUNPATH_SEARCH_PATHS = (
					"$(inherited)",
					"@executable_path/Frameworks",
				);
				MARKETING_VERSION = 1.0;
				PRODUCT_BUNDLE_IDENTIFIER = lantsov.EagleOwl;
				PRODUCT_NAME = "$(TARGET_NAME)";
				SWIFT_EMIT_LOC_STRINGS = YES;
				SWIFT_VERSION = 5.0;
				TARGETED_DEVICE_FAMILY = "1,2";
			};
			name = Debug;
		};
		AD5621862A085AF00094BF69 /* Release */ = {
			isa = XCBuildConfiguration;
			buildSettings = {
				ASSETCATALOG_COMPILER_APPICON_NAME = AppIcon;
				ASSETCATALOG_COMPILER_GLOBAL_ACCENT_COLOR_NAME = AccentColor;
				CODE_SIGN_STYLE = Automatic;
				CURRENT_PROJECT_VERSION = 1;
				DEVELOPMENT_ASSET_PATHS = "\"EagleOwl/Preview Content\"";
				DEVELOPMENT_TEAM = 67U424DH3Z;
				ENABLE_PREVIEWS = YES;
				GENERATE_INFOPLIST_FILE = YES;
				INFOPLIST_KEY_UIApplicationSceneManifest_Generation = YES;
				INFOPLIST_KEY_UIApplicationSupportsIndirectInputEvents = YES;
				INFOPLIST_KEY_UILaunchScreen_Generation = YES;
				INFOPLIST_KEY_UISupportedInterfaceOrientations_iPad = "UIInterfaceOrientationPortrait UIInterfaceOrientationPortraitUpsideDown UIInterfaceOrientationLandscapeLeft UIInterfaceOrientationLandscapeRight";
				INFOPLIST_KEY_UISupportedInterfaceOrientations_iPhone = "UIInterfaceOrientationPortrait UIInterfaceOrientationLandscapeLeft UIInterfaceOrientationLandscapeRight";
				LD_RUNPATH_SEARCH_PATHS = (
					"$(inherited)",
					"@executable_path/Frameworks",
				);
				MARKETING_VERSION = 1.0;
				PRODUCT_BUNDLE_IDENTIFIER = lantsov.EagleOwl;
				PRODUCT_NAME = "$(TARGET_NAME)";
				SWIFT_EMIT_LOC_STRINGS = YES;
				SWIFT_VERSION = 5.0;
				TARGETED_DEVICE_FAMILY = "1,2";
			};
			name = Release;
		};
/* End XCBuildConfiguration section */

/* Begin XCConfigurationList section */
		AD5621712A085AEF0094BF69 /* Build configuration list for PBXProject "EagleOwl" */ = {
			isa = XCConfigurationList;
			buildConfigurations = (
				AD5621822A085AF00094BF69 /* Debug */,
				AD5621832A085AF00094BF69 /* Release */,
			);
			defaultConfigurationIsVisible = 0;
			defaultConfigurationName = Release;
		};
		AD5621842A085AF00094BF69 /* Build configuration list for PBXNativeTarget "EagleOwl" */ = {
			isa = XCConfigurationList;
			buildConfigurations = (
				AD5621852A085AF00094BF69 /* Debug */,
				AD5621862A085AF00094BF69 /* Release */,
			);
			defaultConfigurationIsVisible = 0;
			defaultConfigurationName = Release;
		};
/* End XCConfigurationList section */
	};
	rootObject = AD56216E2A085AEF0094BF69 /* Project object */;
}
